// !$*UTF8*$!
{
	archiveVersion = 1;
	classes = {
	};
	objectVersion = 50;
	objects = {

/* Begin PBXBuildFile section */
		A31F593F22E8A1D700A480B8 /* AppDelegate.swift in Sources */ = {isa = PBXBuildFile; fileRef = A31F593E22E8A1D700A480B8 /* AppDelegate.swift */; };
		A31F594122E8A1D700A480B8 /* SceneDelegate.swift in Sources */ = {isa = PBXBuildFile; fileRef = A31F594022E8A1D700A480B8 /* SceneDelegate.swift */; };
		A31F594322E8A1D700A480B8 /* ContentView.swift in Sources */ = {isa = PBXBuildFile; fileRef = A31F594222E8A1D700A480B8 /* ContentView.swift */; };
		A31F594522E8A1DA00A480B8 /* Assets.xcassets in Resources */ = {isa = PBXBuildFile; fileRef = A31F594422E8A1DA00A480B8 /* Assets.xcassets */; };
		A31F594822E8A1DA00A480B8 /* Preview Assets.xcassets in Resources */ = {isa = PBXBuildFile; fileRef = A31F594722E8A1DA00A480B8 /* Preview Assets.xcassets */; };
		A31F594B22E8A1DA00A480B8 /* LaunchScreen.storyboard in Resources */ = {isa = PBXBuildFile; fileRef = A31F594922E8A1DA00A480B8 /* LaunchScreen.storyboard */; };
		A3C2FD6B22EAEE7200DE4E3D /* HomeView.swift in Sources */ = {isa = PBXBuildFile; fileRef = A3C2FD6A22EAEE7200DE4E3D /* HomeView.swift */; };
		A3C2FD6D22EB3F1500DE4E3D /* HomeListView.swift in Sources */ = {isa = PBXBuildFile; fileRef = A3C2FD6C22EB3F1500DE4E3D /* HomeListView.swift */; };
		A3C2FD6F22EB478D00DE4E3D /* BlurView.swift in Sources */ = {isa = PBXBuildFile; fileRef = A3C2FD6E22EB478D00DE4E3D /* BlurView.swift */; };
/* End PBXBuildFile section */

/* Begin PBXFileReference section */
		A31F593B22E8A1D700A480B8 /* DesignCodeSUI.app */ = {isa = PBXFileReference; explicitFileType = wrapper.application; includeInIndex = 0; path = DesignCodeSUI.app; sourceTree = BUILT_PRODUCTS_DIR; };
		A31F593E22E8A1D700A480B8 /* AppDelegate.swift */ = {isa = PBXFileReference; lastKnownFileType = sourcecode.swift; path = AppDelegate.swift; sourceTree = "<group>"; };
		A31F594022E8A1D700A480B8 /* SceneDelegate.swift */ = {isa = PBXFileReference; lastKnownFileType = sourcecode.swift; path = SceneDelegate.swift; sourceTree = "<group>"; };
		A31F594222E8A1D700A480B8 /* ContentView.swift */ = {isa = PBXFileReference; lastKnownFileType = sourcecode.swift; path = ContentView.swift; sourceTree = "<group>"; };
		A31F594422E8A1DA00A480B8 /* Assets.xcassets */ = {isa = PBXFileReference; lastKnownFileType = folder.assetcatalog; path = Assets.xcassets; sourceTree = "<group>"; };
		A31F594722E8A1DA00A480B8 /* Preview Assets.xcassets */ = {isa = PBXFileReference; lastKnownFileType = folder.assetcatalog; path = "Preview Assets.xcassets"; sourceTree = "<group>"; };
		A31F594A22E8A1DA00A480B8 /* Base */ = {isa = PBXFileReference; lastKnownFileType = file.storyboard; name = Base; path = Base.lproj/LaunchScreen.storyboard; sourceTree = "<group>"; };
		A31F594C22E8A1DA00A480B8 /* Info.plist */ = {isa = PBXFileReference; lastKnownFileType = text.plist.xml; path = Info.plist; sourceTree = "<group>"; };
		A3C2FD6A22EAEE7200DE4E3D /* HomeView.swift */ = {isa = PBXFileReference; lastKnownFileType = sourcecode.swift; path = HomeView.swift; sourceTree = "<group>"; };
		A3C2FD6C22EB3F1500DE4E3D /* HomeListView.swift */ = {isa = PBXFileReference; lastKnownFileType = sourcecode.swift; path = HomeListView.swift; sourceTree = "<group>"; };
		A3C2FD6E22EB478D00DE4E3D /* BlurView.swift */ = {isa = PBXFileReference; lastKnownFileType = sourcecode.swift; path = BlurView.swift; sourceTree = "<group>"; };
		A3C2FD7022EB523300DE4E3D /* Readme.md */ = {isa = PBXFileReference; lastKnownFileType = net.daringfireball.markdown; path = Readme.md; sourceTree = "<group>"; };
/* End PBXFileReference section */

/* Begin PBXFrameworksBuildPhase section */
		A31F593822E8A1D700A480B8 /* Frameworks */ = {
			isa = PBXFrameworksBuildPhase;
			buildActionMask = 2147483647;
			files = (
			);
			runOnlyForDeploymentPostprocessing = 0;
		};
/* End PBXFrameworksBuildPhase section */

/* Begin PBXGroup section */
		A31F593222E8A1D700A480B8 = {
			isa = PBXGroup;
			children = (
				A3C2FD7022EB523300DE4E3D /* Readme.md */,
				A31F593D22E8A1D700A480B8 /* DesignCodeSUI */,
				A31F593C22E8A1D700A480B8 /* Products */,
			);
			sourceTree = "<group>";
		};
		A31F593C22E8A1D700A480B8 /* Products */ = {
			isa = PBXGroup;
			children = (
				A31F593B22E8A1D700A480B8 /* DesignCodeSUI.app */,
			);
			name = Products;
			sourceTree = "<group>";
		};
		A31F593D22E8A1D700A480B8 /* DesignCodeSUI */ = {
			isa = PBXGroup;
			children = (
				A31F593E22E8A1D700A480B8 /* AppDelegate.swift */,
				A31F594022E8A1D700A480B8 /* SceneDelegate.swift */,
				A31F594222E8A1D700A480B8 /* ContentView.swift */,
				A3C2FD6A22EAEE7200DE4E3D /* HomeView.swift */,
				A3C2FD6C22EB3F1500DE4E3D /* HomeListView.swift */,
				A3C2FD6E22EB478D00DE4E3D /* BlurView.swift */,
				A31F594422E8A1DA00A480B8 /* Assets.xcassets */,
				A31F594922E8A1DA00A480B8 /* LaunchScreen.storyboard */,
				A31F594C22E8A1DA00A480B8 /* Info.plist */,
				A31F594622E8A1DA00A480B8 /* Preview Content */,
			);
			path = DesignCodeSUI;
			sourceTree = "<group>";
		};
		A31F594622E8A1DA00A480B8 /* Preview Content */ = {
			isa = PBXGroup;
			children = (
				A31F594722E8A1DA00A480B8 /* Preview Assets.xcassets */,
			);
			path = "Preview Content";
			sourceTree = "<group>";
		};
/* End PBXGroup section */

/* Begin PBXNativeTarget section */
		A31F593A22E8A1D700A480B8 /* DesignCodeSUI */ = {
			isa = PBXNativeTarget;
			buildConfigurationList = A31F594F22E8A1DA00A480B8 /* Build configuration list for PBXNativeTarget "DesignCodeSUI" */;
			buildPhases = (
				A31F593722E8A1D700A480B8 /* Sources */,
				A31F593822E8A1D700A480B8 /* Frameworks */,
				A31F593922E8A1D700A480B8 /* Resources */,
			);
			buildRules = (
			);
			dependencies = (
			);
			name = DesignCodeSUI;
			productName = DesignCodeSUI;
			productReference = A31F593B22E8A1D700A480B8 /* DesignCodeSUI.app */;
			productType = "com.apple.product-type.application";
		};
/* End PBXNativeTarget section */

/* Begin PBXProject section */
		A31F593322E8A1D700A480B8 /* Project object */ = {
			isa = PBXProject;
			attributes = {
				LastSwiftUpdateCheck = 1100;
				LastUpgradeCheck = 1100;
				ORGANIZATIONNAME = hijazi;
				TargetAttributes = {
					A31F593A22E8A1D700A480B8 = {
						CreatedOnToolsVersion = 11.0;
					};
				};
			};
			buildConfigurationList = A31F593622E8A1D700A480B8 /* Build configuration list for PBXProject "DesignCodeSUI" */;
			compatibilityVersion = "Xcode 9.3";
			developmentRegion = en;
			hasScannedForEncodings = 0;
			knownRegions = (
				en,
				Base,
			);
			mainGroup = A31F593222E8A1D700A480B8;
			productRefGroup = A31F593C22E8A1D700A480B8 /* Products */;
			projectDirPath = "";
			projectRoot = "";
			targets = (
				A31F593A22E8A1D700A480B8 /* DesignCodeSUI */,
			);
		};
/* End PBXProject section */

/* Begin PBXResourcesBuildPhase section */
		A31F593922E8A1D700A480B8 /* Resources */ = {
			isa = PBXResourcesBuildPhase;
			buildActionMask = 2147483647;
			files = (
				A31F594B22E8A1DA00A480B8 /* LaunchScreen.storyboard in Resources */,
				A31F594822E8A1DA00A480B8 /* Preview Assets.xcassets in Resources */,
				A31F594522E8A1DA00A480B8 /* Assets.xcassets in Resources */,
			);
			runOnlyForDeploymentPostprocessing = 0;
		};
/* End PBXResourcesBuildPhase section */

/* Begin PBXSourcesBuildPhase section */
		A31F593722E8A1D700A480B8 /* Sources */ = {
			isa = PBXSourcesBuildPhase;
			buildActionMask = 2147483647;
			files = (
				A3C2FD6F22EB478D00DE4E3D /* BlurView.swift in Sources */,
				A31F593F22E8A1D700A480B8 /* AppDelegate.swift in Sources */,
				A3C2FD6B22EAEE7200DE4E3D /* HomeView.swift in Sources */,
				A3C2FD6D22EB3F1500DE4E3D /* HomeListView.swift in Sources */,
				A31F594122E8A1D700A480B8 /* SceneDelegate.swift in Sources */,
				A31F594322E8A1D700A480B8 /* ContentView.swift in Sources */,
			);
			runOnlyForDeploymentPostprocessing = 0;
		};
/* End PBXSourcesBuildPhase section */

/* Begin PBXVariantGroup section */
		A31F594922E8A1DA00A480B8 /* LaunchScreen.storyboard */ = {
			isa = PBXVariantGroup;
			children = (
				A31F594A22E8A1DA00A480B8 /* Base */,
			);
			name = LaunchScreen.storyboard;
			sourceTree = "<group>";
		};
/* End PBXVariantGroup section */

/* Begin XCBuildConfiguration section */
		A31F594D22E8A1DA00A480B8 /* Debug */ = {
			isa = XCBuildConfiguration;
			buildSettings = {
				ALWAYS_SEARCH_USER_PATHS = NO;
				CLANG_ANALYZER_NONNULL = YES;
				CLANG_ANALYZER_NUMBER_OBJECT_CONVERSION = YES_AGGRESSIVE;
				CLANG_CXX_LANGUAGE_STANDARD = "gnu++14";
				CLANG_CXX_LIBRARY = "libc++";
				CLANG_ENABLE_MODULES = YES;
				CLANG_ENABLE_OBJC_ARC = YES;
				CLANG_ENABLE_OBJC_WEAK = YES;
				CLANG_WARN_BLOCK_CAPTURE_AUTORELEASING = YES;
				CLANG_WARN_BOOL_CONVERSION = YES;
				CLANG_WARN_COMMA = YES;
				CLANG_WARN_CONSTANT_CONVERSION = YES;
				CLANG_WARN_DEPRECATED_OBJC_IMPLEMENTATIONS = YES;
				CLANG_WARN_DIRECT_OBJC_ISA_USAGE = YES_ERROR;
				CLANG_WARN_DOCUMENTATION_COMMENTS = YES;
				CLANG_WARN_EMPTY_BODY = YES;
				CLANG_WARN_ENUM_CONVERSION = YES;
				CLANG_WARN_INFINITE_RECURSION = YES;
				CLANG_WARN_INT_CONVERSION = YES;
				CLANG_WARN_NON_LITERAL_NULL_CONVERSION = YES;
				CLANG_WARN_OBJC_IMPLICIT_RETAIN_SELF = YES;
				CLANG_WARN_OBJC_LITERAL_CONVERSION = YES;
				CLANG_WARN_OBJC_ROOT_CLASS = YES_ERROR;
				CLANG_WARN_RANGE_LOOP_ANALYSIS = YES;
				CLANG_WARN_STRICT_PROTOTYPES = YES;
				CLANG_WARN_SUSPICIOUS_MOVE = YES;
				CLANG_WARN_UNGUARDED_AVAILABILITY = YES_AGGRESSIVE;
				CLANG_WARN_UNREACHABLE_CODE = YES;
				CLANG_WARN__DUPLICATE_METHOD_MATCH = YES;
				COPY_PHASE_STRIP = NO;
				DEBUG_INFORMATION_FORMAT = dwarf;
				ENABLE_STRICT_OBJC_MSGSEND = YES;
				ENABLE_TESTABILITY = YES;
				GCC_C_LANGUAGE_STANDARD = gnu11;
				GCC_DYNAMIC_NO_PIC = NO;
				GCC_NO_COMMON_BLOCKS = YES;
				GCC_OPTIMIZATION_LEVEL = 0;
				GCC_PREPROCESSOR_DEFINITIONS = (
					"DEBUG=1",
					"$(inherited)",
				);
				GCC_WARN_64_TO_32_BIT_CONVERSION = YES;
				GCC_WARN_ABOUT_RETURN_TYPE = YES_ERROR;
				GCC_WARN_UNDECLARED_SELECTOR = YES;
				GCC_WARN_UNINITIALIZED_AUTOS = YES_AGGRESSIVE;
				GCC_WARN_UNUSED_FUNCTION = YES;
				GCC_WARN_UNUSED_VARIABLE = YES;
				IPHONEOS_DEPLOYMENT_TARGET = 13.0;
				MTL_ENABLE_DEBUG_INFO = INCLUDE_SOURCE;
				MTL_FAST_MATH = YES;
				ONLY_ACTIVE_ARCH = YES;
				SDKROOT = iphoneos;
				SWIFT_ACTIVE_COMPILATION_CONDITIONS = DEBUG;
				SWIFT_OPTIMIZATION_LEVEL = "-Onone";
			};
			name = Debug;
		};
		A31F594E22E8A1DA00A480B8 /* Release */ = {
			isa = XCBuildConfiguration;
			buildSettings = {
				ALWAYS_SEARCH_USER_PATHS = NO;
				CLANG_ANALYZER_NONNULL = YES;
				CLANG_ANALYZER_NUMBER_OBJECT_CONVERSION = YES_AGGRESSIVE;
				CLANG_CXX_LANGUAGE_STANDARD = "gnu++14";
				CLANG_CXX_LIBRARY = "libc++";
				CLANG_ENABLE_MODULES = YES;
				CLANG_ENABLE_OBJC_ARC = YES;
				CLANG_ENABLE_OBJC_WEAK = YES;
				CLANG_WARN_BLOCK_CAPTURE_AUTORELEASING = YES;
				CLANG_WARN_BOOL_CONVERSION = YES;
				CLANG_WARN_COMMA = YES;
				CLANG_WARN_CONSTANT_CONVERSION = YES;
				CLANG_WARN_DEPRECATED_OBJC_IMPLEMENTATIONS = YES;
				CLANG_WARN_DIRECT_OBJC_ISA_USAGE = YES_ERROR;
				CLANG_WARN_DOCUMENTATION_COMMENTS = YES;
				CLANG_WARN_EMPTY_BODY = YES;
				CLANG_WARN_ENUM_CONVERSION = YES;
				CLANG_WARN_INFINITE_RECURSION = YES;
				CLANG_WARN_INT_CONVERSION = YES;
				CLANG_WARN_NON_LITERAL_NULL_CONVERSION = YES;
				CLANG_WARN_OBJC_IMPLICIT_RETAIN_SELF = YES;
				CLANG_WARN_OBJC_LITERAL_CONVERSION = YES;
				CLANG_WARN_OBJC_ROOT_CLASS = YES_ERROR;
				CLANG_WARN_RANGE_LOOP_ANALYSIS = YES;
				CLANG_WARN_STRICT_PROTOTYPES = YES;
				CLANG_WARN_SUSPICIOUS_MOVE = YES;
				CLANG_WARN_UNGUARDED_AVAILABILITY = YES_AGGRESSIVE;
				CLANG_WARN_UNREACHABLE_CODE = YES;
				CLANG_WARN__DUPLICATE_METHOD_MATCH = YES;
				COPY_PHASE_STRIP = NO;
				DEBUG_INFORMATION_FORMAT = "dwarf-with-dsym";
				ENABLE_NS_ASSERTIONS = NO;
				ENABLE_STRICT_OBJC_MSGSEND = YES;
				GCC_C_LANGUAGE_STANDARD = gnu11;
				GCC_NO_COMMON_BLOCKS = YES;
				GCC_WARN_64_TO_32_BIT_CONVERSION = YES;
				GCC_WARN_ABOUT_RETURN_TYPE = YES_ERROR;
				GCC_WARN_UNDECLARED_SELECTOR = YES;
				GCC_WARN_UNINITIALIZED_AUTOS = YES_AGGRESSIVE;
				GCC_WARN_UNUSED_FUNCTION = YES;
				GCC_WARN_UNUSED_VARIABLE = YES;
				IPHONEOS_DEPLOYMENT_TARGET = 13.0;
				MTL_ENABLE_DEBUG_INFO = NO;
				MTL_FAST_MATH = YES;
				SDKROOT = iphoneos;
				SWIFT_COMPILATION_MODE = wholemodule;
				SWIFT_OPTIMIZATION_LEVEL = "-O";
				VALIDATE_PRODUCT = YES;
			};
			name = Release;
		};
		A31F595022E8A1DA00A480B8 /* Debug */ = {
			isa = XCBuildConfiguration;
			buildSettings = {
				ASSETCATALOG_COMPILER_APPICON_NAME = AppIcon;
				CODE_SIGN_STYLE = Automatic;
				DEVELOPMENT_ASSET_PATHS = "DesignCodeSUI/Preview\\ Content";
				DEVELOPMENT_TEAM = 23A6EJTDXW;
				ENABLE_PREVIEWS = YES;
				INFOPLIST_FILE = DesignCodeSUI/Info.plist;
				LD_RUNPATH_SEARCH_PATHS = (
					"$(inherited)",
					"@executable_path/Frameworks",
				);
				PRODUCT_BUNDLE_IDENTIFIER = com.irekasoft.DesignCodeSUI;
				PRODUCT_NAME = "$(TARGET_NAME)";
				SWIFT_VERSION = 5.0;
				TARGETED_DEVICE_FAMILY = "1,2";
			};
			name = Debug;
		};
		A31F595122E8A1DA00A480B8 /* Release */ = {
			isa = XCBuildConfiguration;
			buildSettings = {
				ASSETCATALOG_COMPILER_APPICON_NAME = AppIcon;
				CODE_SIGN_STYLE = Automatic;
				DEVELOPMENT_ASSET_PATHS = "DesignCodeSUI/Preview\\ Content";
				DEVELOPMENT_TEAM = 23A6EJTDXW;
				ENABLE_PREVIEWS = YES;
				INFOPLIST_FILE = DesignCodeSUI/Info.plist;
				LD_RUNPATH_SEARCH_PATHS = (
					"$(inherited)",
					"@executable_path/Frameworks",
				);
				PRODUCT_BUNDLE_IDENTIFIER = com.irekasoft.DesignCodeSUI;
				PRODUCT_NAME = "$(TARGET_NAME)";
				SWIFT_VERSION = 5.0;
				TARGETED_DEVICE_FAMILY = "1,2";
			};
			name = Release;
		};
/* End XCBuildConfiguration section */

/* Begin XCConfigurationList section */
		A31F593622E8A1D700A480B8 /* Build configuration list for PBXProject "DesignCodeSUI" */ = {
			isa = XCConfigurationList;
			buildConfigurations = (
				A31F594D22E8A1DA00A480B8 /* Debug */,
				A31F594E22E8A1DA00A480B8 /* Release */,
			);
			defaultConfigurationIsVisible = 0;
			defaultConfigurationName = Release;
		};
		A31F594F22E8A1DA00A480B8 /* Build configuration list for PBXNativeTarget "DesignCodeSUI" */ = {
			isa = XCConfigurationList;
			buildConfigurations = (
				A31F595022E8A1DA00A480B8 /* Debug */,
				A31F595122E8A1DA00A480B8 /* Release */,
			);
			defaultConfigurationIsVisible = 0;
			defaultConfigurationName = Release;
		};
/* End XCConfigurationList section */
	};
	rootObject = A31F593322E8A1D700A480B8 /* Project object */;
}
